Microsoft Visual Studio Solution File, Format Version 12.00
# Visual Studio 2012
Project("{FAE04EC0-301F-11D3-BF4B-00C04F79EFBC}") = "Meowc", "Meowc.csproj", "{9E68A6DB-4FC6-48D6-A472-5B19333E4239}"
EndProject
Global
	GlobalSection(SolutionConfigurationPlatforms) = preSolution
	Debug|Any CPU = Debug|Any CPU
	ExportDebug|Any CPU = ExportDebug|Any CPU
	ExportRelease|Any CPU = ExportRelease|Any CPU
	EndGlobalSection
	GlobalSection(ProjectConfigurationPlatforms) = postSolution
		{9E68A6DB-4FC6-48D6-A472-5B19333E4239}.Debug|Any CPU.ActiveCfg = Debug|Any CPU
		{9E68A6DB-4FC6-48D6-A472-5B19333E4239}.Debug|Any CPU.Build.0 = Debug|Any CPU
		{9E68A6DB-4FC6-48D6-A472-5B19333E4239}.ExportDebug|Any CPU.ActiveCfg = ExportDebug|Any CPU
		{9E68A6DB-4FC6-48D6-A472-5B19333E4239}.ExportDebug|Any CPU.Build.0 = ExportDebug|Any CPU
		{9E68A6DB-4FC6-48D6-A472-5B19333E4239}.ExportRelease|Any CPU.ActiveCfg = ExportRelease|Any CPU
		{9E68A6DB-4FC6-48D6-A472-5B19333E4239}.ExportRelease|Any CPU.Build.0 = ExportRelease|Any CPU
	EndGlobalSection
EndGlobal
